// !$*UTF8*$!
{
	archiveVersion = 1;
	classes = {
	};
	objectVersion = 46;
	objects = {

/* Begin PBXBuildFile section */
		E288753E1CF926F300B3E37B /* NSString+BKSafe.m in Sources */ = {isa = PBXBuildFile; fileRef = E288753D1CF926F300B3E37B /* NSString+BKSafe.m */; };
		E2F3CDD31CF8312200F6DECD /* main.m in Sources */ = {isa = PBXBuildFile; fileRef = E2F3CDD21CF8312200F6DECD /* main.m */; };
		E2F3CDD61CF8312200F6DECD /* AppDelegate.m in Sources */ = {isa = PBXBuildFile; fileRef = E2F3CDD51CF8312200F6DECD /* AppDelegate.m */; };
		E2F3CDD91CF8312200F6DECD /* ViewController.m in Sources */ = {isa = PBXBuildFile; fileRef = E2F3CDD81CF8312200F6DECD /* ViewController.m */; };
		E2F3CDDC1CF8312200F6DECD /* Main.storyboard in Resources */ = {isa = PBXBuildFile; fileRef = E2F3CDDA1CF8312200F6DECD /* Main.storyboard */; };
		E2F3CDDE1CF8312200F6DECD /* Assets.xcassets in Resources */ = {isa = PBXBuildFile; fileRef = E2F3CDDD1CF8312200F6DECD /* Assets.xcassets */; };
		E2F3CDE11CF8312200F6DECD /* LaunchScreen.storyboard in Resources */ = {isa = PBXBuildFile; fileRef = E2F3CDDF1CF8312200F6DECD /* LaunchScreen.storyboard */; };
		E2F3CDEC1CF8312200F6DECD /* BKSafeKitTests.m in Sources */ = {isa = PBXBuildFile; fileRef = E2F3CDEB1CF8312200F6DECD /* BKSafeKitTests.m */; };
		E2F3CDF71CF8312200F6DECD /* BKSafeKitUITests.m in Sources */ = {isa = PBXBuildFile; fileRef = E2F3CDF61CF8312200F6DECD /* BKSafeKitUITests.m */; };
		E2F3CE071CF8322600F6DECD /* NSObject+BKSwizzling.m in Sources */ = {isa = PBXBuildFile; fileRef = E2F3CE061CF8322600F6DECD /* NSObject+BKSwizzling.m */; };
		E2F3CE291CF83C2300F6DECD /* NSArray+BKSafe.m in Sources */ = {isa = PBXBuildFile; fileRef = E2F3CE281CF83C2300F6DECD /* NSArray+BKSafe.m */; };
		E2F3CE2C1CF8408E00F6DECD /* NSMutableDictionary+BKSafe.m in Sources */ = {isa = PBXBuildFile; fileRef = E2F3CE2B1CF8408E00F6DECD /* NSMutableDictionary+BKSafe.m */; };
		E2F3CE311CF877E100F6DECD /* NSMutableArray+BKSafe.m in Sources */ = {isa = PBXBuildFile; fileRef = E2F3CE301CF877E100F6DECD /* NSMutableArray+BKSafe.m */; };
/* End PBXBuildFile section */

/* Begin PBXContainerItemProxy section */
		E2F3CDE81CF8312200F6DECD /* PBXContainerItemProxy */ = {
			isa = PBXContainerItemProxy;
			containerPortal = E2F3CDC61CF8312200F6DECD /* Project object */;
			proxyType = 1;
			remoteGlobalIDString = E2F3CDCD1CF8312200F6DECD;
			remoteInfo = BKSafeKit;
		};
		E2F3CDF31CF8312200F6DECD /* PBXContainerItemProxy */ = {
			isa = PBXContainerItemProxy;
			containerPortal = E2F3CDC61CF8312200F6DECD /* Project object */;
			proxyType = 1;
			remoteGlobalIDString = E2F3CDCD1CF8312200F6DECD;
			remoteInfo = BKSafeKit;
		};
/* End PBXContainerItemProxy section */

/* Begin PBXFileReference section */
		E288753C1CF926F300B3E37B /* NSString+BKSafe.h */ = {isa = PBXFileReference; fileEncoding = 4; lastKnownFileType = sourcecode.c.h; path = "NSString+BKSafe.h"; sourceTree = "<group>"; };
		E288753D1CF926F300B3E37B /* NSString+BKSafe.m */ = {isa = PBXFileReference; fileEncoding = 4; lastKnownFileType = sourcecode.c.objc; path = "NSString+BKSafe.m"; sourceTree = "<group>"; };
		E2F3CDCE1CF8312200F6DECD /* BKSafeKit.app */ = {isa = PBXFileReference; explicitFileType = wrapper.application; includeInIndex = 0; path = BKSafeKit.app; sourceTree = BUILT_PRODUCTS_DIR; };
		E2F3CDD21CF8312200F6DECD /* main.m */ = {isa = PBXFileReference; lastKnownFileType = sourcecode.c.objc; path = main.m; sourceTree = "<group>"; };
		E2F3CDD41CF8312200F6DECD /* AppDelegate.h */ = {isa = PBXFileReference; lastKnownFileType = sourcecode.c.h; path = AppDelegate.h; sourceTree = "<group>"; };
		E2F3CDD51CF8312200F6DECD /* AppDelegate.m */ = {isa = PBXFileReference; lastKnownFileType = sourcecode.c.objc; path = AppDelegate.m; sourceTree = "<group>"; };
		E2F3CDD71CF8312200F6DECD /* ViewController.h */ = {isa = PBXFileReference; lastKnownFileType = sourcecode.c.h; path = ViewController.h; sourceTree = "<group>"; };
		E2F3CDD81CF8312200F6DECD /* ViewController.m */ = {isa = PBXFileReference; lastKnownFileType = sourcecode.c.objc; path = ViewController.m; sourceTree = "<group>"; };
		E2F3CDDB1CF8312200F6DECD /* Base */ = {isa = PBXFileReference; lastKnownFileType = file.storyboard; name = Base; path = Base.lproj/Main.storyboard; sourceTree = "<group>"; };
		E2F3CDDD1CF8312200F6DECD /* Assets.xcassets */ = {isa = PBXFileReference; lastKnownFileType = folder.assetcatalog; path = Assets.xcassets; sourceTree = "<group>"; };
		E2F3CDE01CF8312200F6DECD /* Base */ = {isa = PBXFileReference; lastKnownFileType = file.storyboard; name = Base; path = Base.lproj/LaunchScreen.storyboard; sourceTree = "<group>"; };
		E2F3CDE21CF8312200F6DECD /* Info.plist */ = {isa = PBXFileReference; lastKnownFileType = text.plist.xml; path = Info.plist; sourceTree = "<group>"; };
		E2F3CDE71CF8312200F6DECD /* BKSafeKitTests.xctest */ = {isa = PBXFileReference; explicitFileType = wrapper.cfbundle; includeInIndex = 0; path = BKSafeKitTests.xctest; sourceTree = BUILT_PRODUCTS_DIR; };
		E2F3CDEB1CF8312200F6DECD /* BKSafeKitTests.m */ = {isa = PBXFileReference; lastKnownFileType = sourcecode.c.objc; path = BKSafeKitTests.m; sourceTree = "<group>"; };
		E2F3CDED1CF8312200F6DECD /* Info.plist */ = {isa = PBXFileReference; lastKnownFileType = text.plist.xml; path = Info.plist; sourceTree = "<group>"; };
		E2F3CDF21CF8312200F6DECD /* BKSafeKitUITests.xctest */ = {isa = PBXFileReference; explicitFileType = wrapper.cfbundle; includeInIndex = 0; path = BKSafeKitUITests.xctest; sourceTree = BUILT_PRODUCTS_DIR; };
		E2F3CDF61CF8312200F6DECD /* BKSafeKitUITests.m */ = {isa = PBXFileReference; lastKnownFileType = sourcecode.c.objc; path = BKSafeKitUITests.m; sourceTree = "<group>"; };
		E2F3CDF81CF8312200F6DECD /* Info.plist */ = {isa = PBXFileReference; lastKnownFileType = text.plist.xml; path = Info.plist; sourceTree = "<group>"; };
		E2F3CE051CF8322600F6DECD /* NSObject+BKSwizzling.h */ = {isa = PBXFileReference; fileEncoding = 4; lastKnownFileType = sourcecode.c.h; path = "NSObject+BKSwizzling.h"; sourceTree = "<group>"; };
		E2F3CE061CF8322600F6DECD /* NSObject+BKSwizzling.m */ = {isa = PBXFileReference; fileEncoding = 4; lastKnownFileType = sourcecode.c.objc; path = "NSObject+BKSwizzling.m"; sourceTree = "<group>"; };
		E2F3CE271CF83C2300F6DECD /* NSArray+BKSafe.h */ = {isa = PBXFileReference; fileEncoding = 4; lastKnownFileType = sourcecode.c.h; path = "NSArray+BKSafe.h"; sourceTree = "<group>"; };
		E2F3CE281CF83C2300F6DECD /* NSArray+BKSafe.m */ = {isa = PBXFileReference; fileEncoding = 4; lastKnownFileType = sourcecode.c.objc; path = "NSArray+BKSafe.m"; sourceTree = "<group>"; };
		E2F3CE2A1CF8408E00F6DECD /* NSMutableDictionary+BKSafe.h */ = {isa = PBXFileReference; fileEncoding = 4; lastKnownFileType = sourcecode.c.h; path = "NSMutableDictionary+BKSafe.h"; sourceTree = "<group>"; };
		E2F3CE2B1CF8408E00F6DECD /* NSMutableDictionary+BKSafe.m */ = {isa = PBXFileReference; fileEncoding = 4; lastKnownFileType = sourcecode.c.objc; path = "NSMutableDictionary+BKSafe.m"; sourceTree = "<group>"; };
		E2F3CE2D1CF8411C00F6DECD /* BKSafeKit.h */ = {isa = PBXFileReference; lastKnownFileType = sourcecode.c.h; path = BKSafeKit.h; sourceTree = "<group>"; };
		E2F3CE2F1CF877E100F6DECD /* NSMutableArray+BKSafe.h */ = {isa = PBXFileReference; fileEncoding = 4; lastKnownFileType = sourcecode.c.h; path = "NSMutableArray+BKSafe.h"; sourceTree = "<group>"; };
		E2F3CE301CF877E100F6DECD /* NSMutableArray+BKSafe.m */ = {isa = PBXFileReference; fileEncoding = 4; lastKnownFileType = sourcecode.c.objc; path = "NSMutableArray+BKSafe.m"; sourceTree = "<group>"; };
/* End PBXFileReference section */

/* Begin PBXFrameworksBuildPhase section */
		E2F3CDCB1CF8312200F6DECD /* Frameworks */ = {
			isa = PBXFrameworksBuildPhase;
			buildActionMask = 2147483647;
			files = (
			);
			runOnlyForDeploymentPostprocessing = 0;
		};
		E2F3CDE41CF8312200F6DECD /* Frameworks */ = {
			isa = PBXFrameworksBuildPhase;
			buildActionMask = 2147483647;
			files = (
			);
			runOnlyForDeploymentPostprocessing = 0;
		};
		E2F3CDEF1CF8312200F6DECD /* Frameworks */ = {
			isa = PBXFrameworksBuildPhase;
			buildActionMask = 2147483647;
			files = (
			);
			runOnlyForDeploymentPostprocessing = 0;
		};
/* End PBXFrameworksBuildPhase section */

/* Begin PBXGroup section */
		E2F3CDC51CF8312200F6DECD = {
			isa = PBXGroup;
			children = (
				E2F3CDD01CF8312200F6DECD /* BKSafeKit */,
				E2F3CDEA1CF8312200F6DECD /* BKSafeKitTests */,
				E2F3CDF51CF8312200F6DECD /* BKSafeKitUITests */,
				E2F3CDCF1CF8312200F6DECD /* Products */,
			);
			sourceTree = "<group>";
		};
		E2F3CDCF1CF8312200F6DECD /* Products */ = {
			isa = PBXGroup;
			children = (
				E2F3CDCE1CF8312200F6DECD /* BKSafeKit.app */,
				E2F3CDE71CF8312200F6DECD /* BKSafeKitTests.xctest */,
				E2F3CDF21CF8312200F6DECD /* BKSafeKitUITests.xctest */,
			);
			name = Products;
			sourceTree = "<group>";
		};
		E2F3CDD01CF8312200F6DECD /* BKSafeKit */ = {
			isa = PBXGroup;
			children = (
				E2F3CE041CF8314A00F6DECD /* BKSafeKit */,
				E2F3CDD41CF8312200F6DECD /* AppDelegate.h */,
				E2F3CDD51CF8312200F6DECD /* AppDelegate.m */,
				E2F3CDD71CF8312200F6DECD /* ViewController.h */,
				E2F3CDD81CF8312200F6DECD /* ViewController.m */,
				E2F3CDDA1CF8312200F6DECD /* Main.storyboard */,
				E2F3CDDD1CF8312200F6DECD /* Assets.xcassets */,
				E2F3CDDF1CF8312200F6DECD /* LaunchScreen.storyboard */,
				E2F3CDE21CF8312200F6DECD /* Info.plist */,
				E2F3CDD11CF8312200F6DECD /* Supporting Files */,
			);
			path = BKSafeKit;
			sourceTree = "<group>";
		};
		E2F3CDD11CF8312200F6DECD /* Supporting Files */ = {
			isa = PBXGroup;
			children = (
				E2F3CDD21CF8312200F6DECD /* main.m */,
			);
			name = "Supporting Files";
			sourceTree = "<group>";
		};
		E2F3CDEA1CF8312200F6DECD /* BKSafeKitTests */ = {
			isa = PBXGroup;
			children = (
				E2F3CDEB1CF8312200F6DECD /* BKSafeKitTests.m */,
				E2F3CDED1CF8312200F6DECD /* Info.plist */,
			);
			path = BKSafeKitTests;
			sourceTree = "<group>";
		};
		E2F3CDF51CF8312200F6DECD /* BKSafeKitUITests */ = {
			isa = PBXGroup;
			children = (
				E2F3CDF61CF8312200F6DECD /* BKSafeKitUITests.m */,
				E2F3CDF81CF8312200F6DECD /* Info.plist */,
			);
			path = BKSafeKitUITests;
			sourceTree = "<group>";
		};
		E2F3CE041CF8314A00F6DECD /* BKSafeKit */ = {
			isa = PBXGroup;
			children = (
				E2F3CE2D1CF8411C00F6DECD /* BKSafeKit.h */,
				E2F3CE051CF8322600F6DECD /* NSObject+BKSwizzling.h */,
				E2F3CE061CF8322600F6DECD /* NSObject+BKSwizzling.m */,
				E2F3CE271CF83C2300F6DECD /* NSArray+BKSafe.h */,
				E2F3CE281CF83C2300F6DECD /* NSArray+BKSafe.m */,
				E2F3CE2A1CF8408E00F6DECD /* NSMutableDictionary+BKSafe.h */,
				E2F3CE2B1CF8408E00F6DECD /* NSMutableDictionary+BKSafe.m */,
				E2F3CE2F1CF877E100F6DECD /* NSMutableArray+BKSafe.h */,
				E2F3CE301CF877E100F6DECD /* NSMutableArray+BKSafe.m */,
				E288753C1CF926F300B3E37B /* NSString+BKSafe.h */,
				E288753D1CF926F300B3E37B /* NSString+BKSafe.m */,
			);
			path = BKSafeKit;
			sourceTree = "<group>";
		};
/* End PBXGroup section */

/* Begin PBXNativeTarget section */
		E2F3CDCD1CF8312200F6DECD /* BKSafeKit */ = {
			isa = PBXNativeTarget;
			buildConfigurationList = E2F3CDFB1CF8312200F6DECD /* Build configuration list for PBXNativeTarget "BKSafeKit" */;
			buildPhases = (
				E2F3CDCA1CF8312200F6DECD /* Sources */,
				E2F3CDCB1CF8312200F6DECD /* Frameworks */,
				E2F3CDCC1CF8312200F6DECD /* Resources */,
			);
			buildRules = (
			);
			dependencies = (
			);
			name = BKSafeKit;
			productName = BKSafeKit;
			productReference = E2F3CDCE1CF8312200F6DECD /* BKSafeKit.app */;
			productType = "com.apple.product-type.application";
		};
		E2F3CDE61CF8312200F6DECD /* BKSafeKitTests */ = {
			isa = PBXNativeTarget;
			buildConfigurationList = E2F3CDFE1CF8312200F6DECD /* Build configuration list for PBXNativeTarget "BKSafeKitTests" */;
			buildPhases = (
				E2F3CDE31CF8312200F6DECD /* Sources */,
				E2F3CDE41CF8312200F6DECD /* Frameworks */,
				E2F3CDE51CF8312200F6DECD /* Resources */,
			);
			buildRules = (
			);
			dependencies = (
				E2F3CDE91CF8312200F6DECD /* PBXTargetDependency */,
			);
			name = BKSafeKitTests;
			productName = BKSafeKitTests;
			productReference = E2F3CDE71CF8312200F6DECD /* BKSafeKitTests.xctest */;
			productType = "com.apple.product-type.bundle.unit-test";
		};
		E2F3CDF11CF8312200F6DECD /* BKSafeKitUITests */ = {
			isa = PBXNativeTarget;
			buildConfigurationList = E2F3CE011CF8312200F6DECD /* Build configuration list for PBXNativeTarget "BKSafeKitUITests" */;
			buildPhases = (
				E2F3CDEE1CF8312200F6DECD /* Sources */,
				E2F3CDEF1CF8312200F6DECD /* Frameworks */,
				E2F3CDF01CF8312200F6DECD /* Resources */,
			);
			buildRules = (
			);
			dependencies = (
				E2F3CDF41CF8312200F6DECD /* PBXTargetDependency */,
			);
			name = BKSafeKitUITests;
			productName = BKSafeKitUITests;
			productReference = E2F3CDF21CF8312200F6DECD /* BKSafeKitUITests.xctest */;
			productType = "com.apple.product-type.bundle.ui-testing";
		};
/* End PBXNativeTarget section */

/* Begin PBXProject section */
		E2F3CDC61CF8312200F6DECD /* Project object */ = {
			isa = PBXProject;
			attributes = {
				LastUpgradeCheck = 0730;
				ORGANIZATIONNAME = BestKai;
				TargetAttributes = {
					E2F3CDCD1CF8312200F6DECD = {
						CreatedOnToolsVersion = 7.3.1;
					};
					E2F3CDE61CF8312200F6DECD = {
						CreatedOnToolsVersion = 7.3.1;
						TestTargetID = E2F3CDCD1CF8312200F6DECD;
					};
					E2F3CDF11CF8312200F6DECD = {
						CreatedOnToolsVersion = 7.3.1;
						TestTargetID = E2F3CDCD1CF8312200F6DECD;
					};
				};
			};
			buildConfigurationList = E2F3CDC91CF8312200F6DECD /* Build configuration list for PBXProject "BKSafeKit" */;
			compatibilityVersion = "Xcode 3.2";
			developmentRegion = English;
			hasScannedForEncodings = 0;
			knownRegions = (
				en,
				Base,
			);
			mainGroup = E2F3CDC51CF8312200F6DECD;
			productRefGroup = E2F3CDCF1CF8312200F6DECD /* Products */;
			projectDirPath = "";
			projectRoot = "";
			targets = (
				E2F3CDCD1CF8312200F6DECD /* BKSafeKit */,
				E2F3CDE61CF8312200F6DECD /* BKSafeKitTests */,
				E2F3CDF11CF8312200F6DECD /* BKSafeKitUITests */,
			);
		};
/* End PBXProject section */

/* Begin PBXResourcesBuildPhase section */
		E2F3CDCC1CF8312200F6DECD /* Resources */ = {
			isa = PBXResourcesBuildPhase;
			buildActionMask = 2147483647;
			files = (
				E2F3CDE11CF8312200F6DECD /* LaunchScreen.storyboard in Resources */,
				E2F3CDDE1CF8312200F6DECD /* Assets.xcassets in Resources */,
				E2F3CDDC1CF8312200F6DECD /* Main.storyboard in Resources */,
			);
			runOnlyForDeploymentPostprocessing = 0;
		};
		E2F3CDE51CF8312200F6DECD /* Resources */ = {
			isa = PBXResourcesBuildPhase;
			buildActionMask = 2147483647;
			files = (
			);
			runOnlyForDeploymentPostprocessing = 0;
		};
		E2F3CDF01CF8312200F6DECD /* Resources */ = {
			isa = PBXResourcesBuildPhase;
			buildActionMask = 2147483647;
			files = (
			);
			runOnlyForDeploymentPostprocessing = 0;
		};
/* End PBXResourcesBuildPhase section */

/* Begin PBXSourcesBuildPhase section */
		E2F3CDCA1CF8312200F6DECD /* Sources */ = {
			isa = PBXSourcesBuildPhase;
			buildActionMask = 2147483647;
			files = (
				E2F3CE291CF83C2300F6DECD /* NSArray+BKSafe.m in Sources */,
				E2F3CDD91CF8312200F6DECD /* ViewController.m in Sources */,
				E2F3CDD61CF8312200F6DECD /* AppDelegate.m in Sources */,
				E288753E1CF926F300B3E37B /* NSString+BKSafe.m in Sources */,
				E2F3CE071CF8322600F6DECD /* NSObject+BKSwizzling.m in Sources */,
				E2F3CDD31CF8312200F6DECD /* main.m in Sources */,
				E2F3CE2C1CF8408E00F6DECD /* NSMutableDictionary+BKSafe.m in Sources */,
				E2F3CE311CF877E100F6DECD /* NSMutableArray+BKSafe.m in Sources */,
			);
			runOnlyForDeploymentPostprocessing = 0;
		};
		E2F3CDE31CF8312200F6DECD /* Sources */ = {
			isa = PBXSourcesBuildPhase;
			buildActionMask = 2147483647;
			files = (
				E2F3CDEC1CF8312200F6DECD /* BKSafeKitTests.m in Sources */,
			);
			runOnlyForDeploymentPostprocessing = 0;
		};
		E2F3CDEE1CF8312200F6DECD /* Sources */ = {
			isa = PBXSourcesBuildPhase;
			buildActionMask = 2147483647;
			files = (
				E2F3CDF71CF8312200F6DECD /* BKSafeKitUITests.m in Sources */,
			);
			runOnlyForDeploymentPostprocessing = 0;
		};
/* End PBXSourcesBuildPhase section */

/* Begin PBXTargetDependency section */
		E2F3CDE91CF8312200F6DECD /* PBXTargetDependency */ = {
			isa = PBXTargetDependency;
			target = E2F3CDCD1CF8312200F6DECD /* BKSafeKit */;
			targetProxy = E2F3CDE81CF8312200F6DECD /* PBXContainerItemProxy */;
		};
		E2F3CDF41CF8312200F6DECD /* PBXTargetDependency */ = {
			isa = PBXTargetDependency;
			target = E2F3CDCD1CF8312200F6DECD /* BKSafeKit */;
			targetProxy = E2F3CDF31CF8312200F6DECD /* PBXContainerItemProxy */;
		};
/* End PBXTargetDependency section */

/* Begin PBXVariantGroup section */
		E2F3CDDA1CF8312200F6DECD /* Main.storyboard */ = {
			isa = PBXVariantGroup;
			children = (
				E2F3CDDB1CF8312200F6DECD /* Base */,
			);
			name = Main.storyboard;
			sourceTree = "<group>";
		};
		E2F3CDDF1CF8312200F6DECD /* LaunchScreen.storyboard */ = {
			isa = PBXVariantGroup;
			children = (
				E2F3CDE01CF8312200F6DECD /* Base */,
			);
			name = LaunchScreen.storyboard;
			sourceTree = "<group>";
		};
/* End PBXVariantGroup section */

/* Begin XCBuildConfiguration section */
		E2F3CDF91CF8312200F6DECD /* Debug */ = {
			isa = XCBuildConfiguration;
			buildSettings = {
				ALWAYS_SEARCH_USER_PATHS = NO;
				CLANG_ANALYZER_NONNULL = YES;
				CLANG_CXX_LANGUAGE_STANDARD = "gnu++0x";
				CLANG_CXX_LIBRARY = "libc++";
				CLANG_ENABLE_MODULES = YES;
				CLANG_ENABLE_OBJC_ARC = YES;
				CLANG_WARN_BOOL_CONVERSION = YES;
				CLANG_WARN_CONSTANT_CONVERSION = YES;
				CLANG_WARN_DIRECT_OBJC_ISA_USAGE = YES_ERROR;
				CLANG_WARN_EMPTY_BODY = YES;
				CLANG_WARN_ENUM_CONVERSION = YES;
				CLANG_WARN_INT_CONVERSION = YES;
				CLANG_WARN_OBJC_ROOT_CLASS = YES_ERROR;
				CLANG_WARN_UNREACHABLE_CODE = YES;
				CLANG_WARN__DUPLICATE_METHOD_MATCH = YES;
				"CODE_SIGN_IDENTITY[sdk=iphoneos*]" = "iPhone Developer";
				COPY_PHASE_STRIP = NO;
				DEBUG_INFORMATION_FORMAT = dwarf;
				ENABLE_STRICT_OBJC_MSGSEND = YES;
				ENABLE_TESTABILITY = YES;
				GCC_C_LANGUAGE_STANDARD = gnu99;
				GCC_DYNAMIC_NO_PIC = NO;
				GCC_NO_COMMON_BLOCKS = YES;
				GCC_OPTIMIZATION_LEVEL = 0;
				GCC_PREPROCESSOR_DEFINITIONS = (
					"DEBUG=1",
					"$(inherited)",
				);
				GCC_WARN_64_TO_32_BIT_CONVERSION = YES;
				GCC_WARN_ABOUT_RETURN_TYPE = YES_ERROR;
				GCC_WARN_UNDECLARED_SELECTOR = YES;
				GCC_WARN_UNINITIALIZED_AUTOS = YES_AGGRESSIVE;
				GCC_WARN_UNUSED_FUNCTION = YES;
				GCC_WARN_UNUSED_VARIABLE = YES;
				IPHONEOS_DEPLOYMENT_TARGET = 9.3;
				MTL_ENABLE_DEBUG_INFO = YES;
				ONLY_ACTIVE_ARCH = YES;
				SDKROOT = iphoneos;
				TARGETED_DEVICE_FAMILY = "1,2";
			};
			name = Debug;
		};
		E2F3CDFA1CF8312200F6DECD /* Release */ = {
			isa = XCBuildConfiguration;
			buildSettings = {
				ALWAYS_SEARCH_USER_PATHS = NO;
				CLANG_ANALYZER_NONNULL = YES;
				CLANG_CXX_LANGUAGE_STANDARD = "gnu++0x";
				CLANG_CXX_LIBRARY = "libc++";
				CLANG_ENABLE_MODULES = YES;
				CLANG_ENABLE_OBJC_ARC = YES;
				CLANG_WARN_BOOL_CONVERSION = YES;
				CLANG_WARN_CONSTANT_CONVERSION = YES;
				CLANG_WARN_DIRECT_OBJC_ISA_USAGE = YES_ERROR;
				CLANG_WARN_EMPTY_BODY = YES;
				CLANG_WARN_ENUM_CONVERSION = YES;
				CLANG_WARN_INT_CONVERSION = YES;
				CLANG_WARN_OBJC_ROOT_CLASS = YES_ERROR;
				CLANG_WARN_UNREACHABLE_CODE = YES;
				CLANG_WARN__DUPLICATE_METHOD_MATCH = YES;
				"CODE_SIGN_IDENTITY[sdk=iphoneos*]" = "iPhone Developer";
				COPY_PHASE_STRIP = NO;
				DEBUG_INFORMATION_FORMAT = "dwarf-with-dsym";
				ENABLE_NS_ASSERTIONS = NO;
				ENABLE_STRICT_OBJC_MSGSEND = YES;
				GCC_C_LANGUAGE_STANDARD = gnu99;
				GCC_NO_COMMON_BLOCKS = YES;
				GCC_WARN_64_TO_32_BIT_CONVERSION = YES;
				GCC_WARN_ABOUT_RETURN_TYPE = YES_ERROR;
				GCC_WARN_UNDECLARED_SELECTOR = YES;
				GCC_WARN_UNINITIALIZED_AUTOS = YES_AGGRESSIVE;
				GCC_WARN_UNUSED_FUNCTION = YES;
				GCC_WARN_UNUSED_VARIABLE = YES;
				IPHONEOS_DEPLOYMENT_TARGET = 9.3;
				MTL_ENABLE_DEBUG_INFO = NO;
				SDKROOT = iphoneos;
				TARGETED_DEVICE_FAMILY = "1,2";
				VALIDATE_PRODUCT = YES;
			};
			name = Release;
		};
		E2F3CDFC1CF8312200F6DECD /* Debug */ = {
			isa = XCBuildConfiguration;
			buildSettings = {
				ASSETCATALOG_COMPILER_APPICON_NAME = AppIcon;
				INFOPLIST_FILE = BKSafeKit/Info.plist;
				IPHONEOS_DEPLOYMENT_TARGET = 8.0;
				LD_RUNPATH_SEARCH_PATHS = "$(inherited) @executable_path/Frameworks";
				PRODUCT_BUNDLE_IDENTIFIER = xizhi.com.BKSafeKit;
				PRODUCT_NAME = "$(TARGET_NAME)";
			};
			name = Debug;
		};
		E2F3CDFD1CF8312200F6DECD /* Release */ = {
			isa = XCBuildConfiguration;
			buildSettings = {
				ASSETCATALOG_COMPILER_APPICON_NAME = AppIcon;
				INFOPLIST_FILE = BKSafeKit/Info.plist;
				IPHONEOS_DEPLOYMENT_TARGET = 8.0;
				LD_RUNPATH_SEARCH_PATHS = "$(inherited) @executable_path/Frameworks";
				PRODUCT_BUNDLE_IDENTIFIER = xizhi.com.BKSafeKit;
				PRODUCT_NAME = "$(TARGET_NAME)";
			};
			name = Release;
		};
		E2F3CDFF1CF8312200F6DECD /* Debug */ = {
			isa = XCBuildConfiguration;
			buildSettings = {
				BUNDLE_LOADER = "$(TEST_HOST)";
				INFOPLIST_FILE = BKSafeKitTests/Info.plist;
				LD_RUNPATH_SEARCH_PATHS = "$(inherited) @executable_path/Frameworks @loader_path/Frameworks";
				PRODUCT_BUNDLE_IDENTIFIER = xizhi.com.BKSafeKitTests;
				PRODUCT_NAME = "$(TARGET_NAME)";
				TEST_HOST = "$(BUILT_PRODUCTS_DIR)/BKSafeKit.app/BKSafeKit";
			};
			name = Debug;
		};
		E2F3CE001CF8312200F6DECD /* Release */ = {
			isa = XCBuildConfiguration;
			buildSettings = {
				BUNDLE_LOADER = "$(TEST_HOST)";
				INFOPLIST_FILE = BKSafeKitTests/Info.plist;
				LD_RUNPATH_SEARCH_PATHS = "$(inherited) @executable_path/Frameworks @loader_path/Frameworks";
				PRODUCT_BUNDLE_IDENTIFIER = xizhi.com.BKSafeKitTests;
				PRODUCT_NAME = "$(TARGET_NAME)";
				TEST_HOST = "$(BUILT_PRODUCTS_DIR)/BKSafeKit.app/BKSafeKit";
			};
			name = Release;
		};
		E2F3CE021CF8312200F6DECD /* Debug */ = {
			isa = XCBuildConfiguration;
			buildSettings = {
				INFOPLIST_FILE = BKSafeKitUITests/Info.plist;
				LD_RUNPATH_SEARCH_PATHS = "$(inherited) @executable_path/Frameworks @loader_path/Frameworks";
				PRODUCT_BUNDLE_IDENTIFIER = xizhi.com.BKSafeKitUITests;
				PRODUCT_NAME = "$(TARGET_NAME)";
				TEST_TARGET_NAME = BKSafeKit;
			};
			name = Debug;
		};
		E2F3CE031CF8312200F6DECD /* Release */ = {
			isa = XCBuildConfiguration;
			buildSettings = {
				INFOPLIST_FILE = BKSafeKitUITests/Info.plist;
				LD_RUNPATH_SEARCH_PATHS = "$(inherited) @executable_path/Frameworks @loader_path/Frameworks";
				PRODUCT_BUNDLE_IDENTIFIER = xizhi.com.BKSafeKitUITests;
				PRODUCT_NAME = "$(TARGET_NAME)";
				TEST_TARGET_NAME = BKSafeKit;
			};
			name = Release;
		};
/* End XCBuildConfiguration section */

/* Begin XCConfigurationList section */
		E2F3CDC91CF8312200F6DECD /* Build configuration list for PBXProject "BKSafeKit" */ = {
			isa = XCConfigurationList;
			buildConfigurations = (
				E2F3CDF91CF8312200F6DECD /* Debug */,
				E2F3CDFA1CF8312200F6DECD /* Release */,
			);
			defaultConfigurationIsVisible = 0;
			defaultConfigurationName = Release;
		};
		E2F3CDFB1CF8312200F6DECD /* Build configuration list for PBXNativeTarget "BKSafeKit" */ = {
			isa = XCConfigurationList;
			buildConfigurations = (
				E2F3CDFC1CF8312200F6DECD /* Debug */,
				E2F3CDFD1CF8312200F6DECD /* Release */,
			);
			defaultConfigurationIsVisible = 0;
			defaultConfigurationName = Release;
		};
		E2F3CDFE1CF8312200F6DECD /* Build configuration list for PBXNativeTarget "BKSafeKitTests" */ = {
			isa = XCConfigurationList;
			buildConfigurations = (
				E2F3CDFF1CF8312200F6DECD /* Debug */,
				E2F3CE001CF8312200F6DECD /* Release */,
			);
			defaultConfigurationIsVisible = 0;
			defaultConfigurationName = Release;
		};
		E2F3CE011CF8312200F6DECD /* Build configuration list for PBXNativeTarget "BKSafeKitUITests" */ = {
			isa = XCConfigurationList;
			buildConfigurations = (
				E2F3CE021CF8312200F6DECD /* Debug */,
				E2F3CE031CF8312200F6DECD /* Release */,
			);
			defaultConfigurationIsVisible = 0;
			defaultConfigurationName = Release;
		};
/* End XCConfigurationList section */
	};
	rootObject = E2F3CDC61CF8312200F6DECD /* Project object */;
}
